
Microsoft Visual Studio Solution File, Format Version 12.00
# Visual Studio 14
VisualStudioVersion = 14.0.25420.1
MinimumVisualStudioVersion = 10.0.40219.1
Project("{FAE04EC0-301F-11D3-BF4B-00C04F79EFBC}") = "Cars.Web", "Cars.Web\Cars.Web.csproj", "{31B3144A-DA33-4390-85FA-E3C0C3446FDD}"
EndProject
Project("{FAE04EC0-301F-11D3-BF4B-00C04F79EFBC}") = "Cars.Models", "Cars.Models\Cars.Models.csproj", "{513145CC-D373-4E5A-A377-4F3FDD7BD1D5}"
EndProject
Project("{FAE04EC0-301F-11D3-BF4B-00C04F79EFBC}") = "Cars.Data", "Cars.Data\Cars.Data.csproj", "{9154E3BB-BECF-4C12-94C7-3A814555D333}"
EndProject
Project("{FAE04EC0-301F-11D3-BF4B-00C04F79EFBC}") = "Cars.Service", "Cars.Service\Cars.Service.csproj", "{5CA31408-AC02-4855-8EF6-9B37577C1A6E}"
EndProject
Project("{FAE04EC0-301F-11D3-BF4B-00C04F79EFBC}") = "Cars.Service.Test", "Cars.Service.Test\Cars.Service.Test.csproj", "{808C443B-C9B8-47EC-8BE6-3CFC6FA05B0C}"
EndProject
Global
	GlobalSection(SolutionConfigurationPlatforms) = preSolution
		Debug|Any CPU = Debug|Any CPU
		Release|Any CPU = Release|Any CPU
	EndGlobalSection
	GlobalSection(ProjectConfigurationPlatforms) = postSolution
		{31B3144A-DA33-4390-85FA-E3C0C3446FDD}.Debug|Any CPU.ActiveCfg = Debug|Any CPU
		{31B3144A-DA33-4390-85FA-E3C0C3446FDD}.Debug|Any CPU.Build.0 = Debug|Any CPU
		{31B3144A-DA33-4390-85FA-E3C0C3446FDD}.Release|Any CPU.ActiveCfg = Release|Any CPU
		{31B3144A-DA33-4390-85FA-E3C0C3446FDD}.Release|Any CPU.Build.0 = Release|Any CPU
		{513145CC-D373-4E5A-A377-4F3FDD7BD1D5}.Debug|Any CPU.ActiveCfg = Debug|Any CPU
		{513145CC-D373-4E5A-A377-4F3FDD7BD1D5}.Debug|Any CPU.Build.0 = Debug|Any CPU
		{513145CC-D373-4E5A-A377-4F3FDD7BD1D5}.Release|Any CPU.ActiveCfg = Release|Any CPU
		{513145CC-D373-4E5A-A377-4F3FDD7BD1D5}.Release|Any CPU.Build.0 = Release|Any CPU
		{9154E3BB-BECF-4C12-94C7-3A814555D333}.Debug|Any CPU.ActiveCfg = Debug|Any CPU
		{9154E3BB-BECF-4C12-94C7-3A814555D333}.Debug|Any CPU.Build.0 = Debug|Any CPU
		{9154E3BB-BECF-4C12-94C7-3A814555D333}.Release|Any CPU.ActiveCfg = Release|Any CPU
		{9154E3BB-BECF-4C12-94C7-3A814555D333}.Release|Any CPU.Build.0 = Release|Any CPU
		{5CA31408-AC02-4855-8EF6-9B37577C1A6E}.Debug|Any CPU.ActiveCfg = Debug|Any CPU
		{5CA31408-AC02-4855-8EF6-9B37577C1A6E}.Debug|Any CPU.Build.0 = Debug|Any CPU
		{5CA31408-AC02-4855-8EF6-9B37577C1A6E}.Release|Any CPU.ActiveCfg = Release|Any CPU
		{5CA31408-AC02-4855-8EF6-9B37577C1A6E}.Release|Any CPU.Build.0 = Release|Any CPU
		{808C443B-C9B8-47EC-8BE6-3CFC6FA05B0C}.Debug|Any CPU.ActiveCfg = Debug|Any CPU
		{808C443B-C9B8-47EC-8BE6-3CFC6FA05B0C}.Debug|Any CPU.Build.0 = Debug|Any CPU
		{808C443B-C9B8-47EC-8BE6-3CFC6FA05B0C}.Release|Any CPU.ActiveCfg = Release|Any CPU
		{808C443B-C9B8-47EC-8BE6-3CFC6FA05B0C}.Release|Any CPU.Build.0 = Release|Any CPU
	EndGlobalSection
	GlobalSection(SolutionProperties) = preSolution
		HideSolutionNode = FALSE
	EndGlobalSection
EndGlobal
